// !$*UTF8*$!
{
	archiveVersion = 1;
	classes = {
	};
	objectVersion = 50;
	objects = {

/* Begin PBXBuildFile section */
		B3759C95259A51B300CFCD53 /* Kingfisher.framework in Frameworks */ = {isa = PBXBuildFile; fileRef = B3759C94259A51B300CFCD53 /* Kingfisher.framework */; };
		B3759C96259A51B300CFCD53 /* Kingfisher.framework in Embed Frameworks */ = {isa = PBXBuildFile; fileRef = B3759C94259A51B300CFCD53 /* Kingfisher.framework */; settings = {ATTRIBUTES = (CodeSignOnCopy, RemoveHeadersOnCopy, ); }; };
		B3759C9A25A5A11400CFCD53 /* LoginViewController.swift in Sources */ = {isa = PBXBuildFile; fileRef = B3759C9925A5A11400CFCD53 /* LoginViewController.swift */; };
		B3759C9E25A5A3DC00CFCD53 /* QueryService.swift in Sources */ = {isa = PBXBuildFile; fileRef = B3759C9D25A5A3DC00CFCD53 /* QueryService.swift */; };
		B3F56BB6259A37CF0009F178 /* AppDelegate.swift in Sources */ = {isa = PBXBuildFile; fileRef = B3F56BB5259A37CF0009F178 /* AppDelegate.swift */; };
		B3F56BB8259A37CF0009F178 /* SceneDelegate.swift in Sources */ = {isa = PBXBuildFile; fileRef = B3F56BB7259A37CF0009F178 /* SceneDelegate.swift */; };
		B3F56BBA259A37CF0009F178 /* SearchViewController.swift in Sources */ = {isa = PBXBuildFile; fileRef = B3F56BB9259A37CF0009F178 /* SearchViewController.swift */; };
		B3F56BBF259A37D10009F178 /* Assets.xcassets in Resources */ = {isa = PBXBuildFile; fileRef = B3F56BBE259A37D10009F178 /* Assets.xcassets */; };
		B3F56BC2259A37D10009F178 /* LaunchScreen.storyboard in Resources */ = {isa = PBXBuildFile; fileRef = B3F56BC0259A37D10009F178 /* LaunchScreen.storyboard */; };
		B3FBC5B425A5C168006B2E35 /* ReposTableViewController.swift in Sources */ = {isa = PBXBuildFile; fileRef = B3FBC5B325A5C168006B2E35 /* ReposTableViewController.swift */; };
		B3FBC5B625A5C268006B2E35 /* NetworkService.swift in Sources */ = {isa = PBXBuildFile; fileRef = B3FBC5B525A5C268006B2E35 /* NetworkService.swift */; };
		B3FBC5B825A73DF1006B2E35 /* RepoTableViewCell.swift in Sources */ = {isa = PBXBuildFile; fileRef = B3FBC5B725A73DF1006B2E35 /* RepoTableViewCell.swift */; };
/* End PBXBuildFile section */

/* Begin PBXCopyFilesBuildPhase section */
		B3759C97259A51B300CFCD53 /* Embed Frameworks */ = {
			isa = PBXCopyFilesBuildPhase;
			buildActionMask = 2147483647;
			dstPath = "";
			dstSubfolderSpec = 10;
			files = (
				B3759C96259A51B300CFCD53 /* Kingfisher.framework in Embed Frameworks */,
			);
			name = "Embed Frameworks";
			runOnlyForDeploymentPostprocessing = 0;
		};
/* End PBXCopyFilesBuildPhase section */

/* Begin PBXFileReference section */
		B3759C94259A51B300CFCD53 /* Kingfisher.framework */ = {isa = PBXFileReference; lastKnownFileType = wrapper.framework; name = Kingfisher.framework; path = Carthage/Build/iOS/Kingfisher.framework; sourceTree = "<group>"; };
		B3759C9925A5A11400CFCD53 /* LoginViewController.swift */ = {isa = PBXFileReference; lastKnownFileType = sourcecode.swift; path = LoginViewController.swift; sourceTree = "<group>"; };
		B3759C9D25A5A3DC00CFCD53 /* QueryService.swift */ = {isa = PBXFileReference; lastKnownFileType = sourcecode.swift; path = QueryService.swift; sourceTree = "<group>"; };
		B3F56BB2259A37CF0009F178 /* ohMyGithubSearch.app */ = {isa = PBXFileReference; explicitFileType = wrapper.application; includeInIndex = 0; path = ohMyGithubSearch.app; sourceTree = BUILT_PRODUCTS_DIR; };
		B3F56BB5259A37CF0009F178 /* AppDelegate.swift */ = {isa = PBXFileReference; lastKnownFileType = sourcecode.swift; path = AppDelegate.swift; sourceTree = "<group>"; };
		B3F56BB7259A37CF0009F178 /* SceneDelegate.swift */ = {isa = PBXFileReference; lastKnownFileType = sourcecode.swift; path = SceneDelegate.swift; sourceTree = "<group>"; };
		B3F56BB9259A37CF0009F178 /* SearchViewController.swift */ = {isa = PBXFileReference; lastKnownFileType = sourcecode.swift; path = SearchViewController.swift; sourceTree = "<group>"; };
		B3F56BBE259A37D10009F178 /* Assets.xcassets */ = {isa = PBXFileReference; lastKnownFileType = folder.assetcatalog; path = Assets.xcassets; sourceTree = "<group>"; };
		B3F56BC1259A37D10009F178 /* Base */ = {isa = PBXFileReference; lastKnownFileType = file.storyboard; name = Base; path = Base.lproj/LaunchScreen.storyboard; sourceTree = "<group>"; };
		B3F56BC3259A37D10009F178 /* Info.plist */ = {isa = PBXFileReference; lastKnownFileType = text.plist.xml; path = Info.plist; sourceTree = "<group>"; };
		B3FBC5B325A5C168006B2E35 /* ReposTableViewController.swift */ = {isa = PBXFileReference; lastKnownFileType = sourcecode.swift; path = ReposTableViewController.swift; sourceTree = "<group>"; };
		B3FBC5B525A5C268006B2E35 /* NetworkService.swift */ = {isa = PBXFileReference; lastKnownFileType = sourcecode.swift; path = NetworkService.swift; sourceTree = "<group>"; };
		B3FBC5B725A73DF1006B2E35 /* RepoTableViewCell.swift */ = {isa = PBXFileReference; lastKnownFileType = sourcecode.swift; path = RepoTableViewCell.swift; sourceTree = "<group>"; };
/* End PBXFileReference section */

/* Begin PBXFrameworksBuildPhase section */
		B3F56BAF259A37CF0009F178 /* Frameworks */ = {
			isa = PBXFrameworksBuildPhase;
			buildActionMask = 2147483647;
			files = (
				B3759C95259A51B300CFCD53 /* Kingfisher.framework in Frameworks */,
			);
			runOnlyForDeploymentPostprocessing = 0;
		};
/* End PBXFrameworksBuildPhase section */

/* Begin PBXGroup section */
		B3759C93259A51B300CFCD53 /* Frameworks */ = {
			isa = PBXGroup;
			children = (
				B3759C94259A51B300CFCD53 /* Kingfisher.framework */,
			);
			name = Frameworks;
			sourceTree = "<group>";
		};
		B3759C9B25A5A3AD00CFCD53 /* ViewControllers */ = {
			isa = PBXGroup;
			children = (
				B3759C9925A5A11400CFCD53 /* LoginViewController.swift */,
				B3F56BB9259A37CF0009F178 /* SearchViewController.swift */,
				B3FBC5B325A5C168006B2E35 /* ReposTableViewController.swift */,
				B3FBC5B725A73DF1006B2E35 /* RepoTableViewCell.swift */,
			);
			path = ViewControllers;
			sourceTree = "<group>";
		};
		B3759C9C25A5A3CB00CFCD53 /* Network */ = {
			isa = PBXGroup;
			children = (
				B3759C9D25A5A3DC00CFCD53 /* QueryService.swift */,
				B3FBC5B525A5C268006B2E35 /* NetworkService.swift */,
			);
			path = Network;
			sourceTree = "<group>";
		};
		B3F56BA9259A37CF0009F178 = {
			isa = PBXGroup;
			children = (
				B3F56BB4259A37CF0009F178 /* ohMyGithubSearch */,
				B3F56BB3259A37CF0009F178 /* Products */,
				B3759C93259A51B300CFCD53 /* Frameworks */,
			);
			sourceTree = "<group>";
		};
		B3F56BB3259A37CF0009F178 /* Products */ = {
			isa = PBXGroup;
			children = (
				B3F56BB2259A37CF0009F178 /* ohMyGithubSearch.app */,
			);
			name = Products;
			sourceTree = "<group>";
		};
		B3F56BB4259A37CF0009F178 /* ohMyGithubSearch */ = {
			isa = PBXGroup;
			children = (
				B3759C9C25A5A3CB00CFCD53 /* Network */,
				B3759C9B25A5A3AD00CFCD53 /* ViewControllers */,
				B3F56BB5259A37CF0009F178 /* AppDelegate.swift */,
				B3F56BB7259A37CF0009F178 /* SceneDelegate.swift */,
				B3F56BBE259A37D10009F178 /* Assets.xcassets */,
				B3F56BC0259A37D10009F178 /* LaunchScreen.storyboard */,
				B3F56BC3259A37D10009F178 /* Info.plist */,
			);
			path = ohMyGithubSearch;
			sourceTree = "<group>";
		};
/* End PBXGroup section */

/* Begin PBXNativeTarget section */
		B3F56BB1259A37CF0009F178 /* ohMyGithubSearch */ = {
			isa = PBXNativeTarget;
			buildConfigurationList = B3F56BC6259A37D10009F178 /* Build configuration list for PBXNativeTarget "ohMyGithubSearch" */;
			buildPhases = (
				B3F56BAE259A37CF0009F178 /* Sources */,
				B3F56BAF259A37CF0009F178 /* Frameworks */,
				B3F56BB0259A37CF0009F178 /* Resources */,
				B3759C97259A51B300CFCD53 /* Embed Frameworks */,
				B3759C98259A51F500CFCD53 /* ShellScript */,
			);
			buildRules = (
			);
			dependencies = (
			);
			name = ohMyGithubSearch;
			productName = ohMyGithubSearch;
			productReference = B3F56BB2259A37CF0009F178 /* ohMyGithubSearch.app */;
			productType = "com.apple.product-type.application";
		};
/* End PBXNativeTarget section */

/* Begin PBXProject section */
		B3F56BAA259A37CF0009F178 /* Project object */ = {
			isa = PBXProject;
			attributes = {
				LastSwiftUpdateCheck = 1230;
				LastUpgradeCheck = 1230;
				TargetAttributes = {
					B3F56BB1259A37CF0009F178 = {
						CreatedOnToolsVersion = 12.3;
					};
				};
			};
			buildConfigurationList = B3F56BAD259A37CF0009F178 /* Build configuration list for PBXProject "ohMyGithubSearch" */;
			compatibilityVersion = "Xcode 9.3";
			developmentRegion = en;
			hasScannedForEncodings = 0;
			knownRegions = (
				en,
				Base,
			);
			mainGroup = B3F56BA9259A37CF0009F178;
			productRefGroup = B3F56BB3259A37CF0009F178 /* Products */;
			projectDirPath = "";
			projectRoot = "";
			targets = (
				B3F56BB1259A37CF0009F178 /* ohMyGithubSearch */,
			);
		};
/* End PBXProject section */

/* Begin PBXResourcesBuildPhase section */
		B3F56BB0259A37CF0009F178 /* Resources */ = {
			isa = PBXResourcesBuildPhase;
			buildActionMask = 2147483647;
			files = (
				B3F56BC2259A37D10009F178 /* LaunchScreen.storyboard in Resources */,
				B3F56BBF259A37D10009F178 /* Assets.xcassets in Resources */,
			);
			runOnlyForDeploymentPostprocessing = 0;
		};
/* End PBXResourcesBuildPhase section */

/* Begin PBXShellScriptBuildPhase section */
		B3759C98259A51F500CFCD53 /* ShellScript */ = {
			isa = PBXShellScriptBuildPhase;
			buildActionMask = 2147483647;
			files = (
			);
			inputFileListPaths = (
			);
			inputPaths = (
			);
			outputFileListPaths = (
			);
			outputPaths = (
			);
			runOnlyForDeploymentPostprocessing = 0;
			shellPath = /bin/sh;
			shellScript = "# Type a script or drag a script file from your workspace to insert its path.\n/usr/local/bin/carthage copy-frameworks\n";
		};
/* End PBXShellScriptBuildPhase section */

/* Begin PBXSourcesBuildPhase section */
		B3F56BAE259A37CF0009F178 /* Sources */ = {
			isa = PBXSourcesBuildPhase;
			buildActionMask = 2147483647;
			files = (
				B3F56BBA259A37CF0009F178 /* SearchViewController.swift in Sources */,
				B3F56BB6259A37CF0009F178 /* AppDelegate.swift in Sources */,
				B3759C9E25A5A3DC00CFCD53 /* QueryService.swift in Sources */,
				B3FBC5B825A73DF1006B2E35 /* RepoTableViewCell.swift in Sources */,
				B3759C9A25A5A11400CFCD53 /* LoginViewController.swift in Sources */,
				B3F56BB8259A37CF0009F178 /* SceneDelegate.swift in Sources */,
				B3FBC5B425A5C168006B2E35 /* ReposTableViewController.swift in Sources */,
				B3FBC5B625A5C268006B2E35 /* NetworkService.swift in Sources */,
			);
			runOnlyForDeploymentPostprocessing = 0;
		};
/* End PBXSourcesBuildPhase section */

/* Begin PBXVariantGroup section */
		B3F56BC0259A37D10009F178 /* LaunchScreen.storyboard */ = {
			isa = PBXVariantGroup;
			children = (
				B3F56BC1259A37D10009F178 /* Base */,
			);
			name = LaunchScreen.storyboard;
			sourceTree = "<group>";
		};
/* End PBXVariantGroup section */

/* Begin XCBuildConfiguration section */
		B3F56BC4259A37D10009F178 /* Debug */ = {
			isa = XCBuildConfiguration;
			buildSettings = {
				ALWAYS_SEARCH_USER_PATHS = NO;
				CLANG_ANALYZER_NONNULL = YES;
				CLANG_ANALYZER_NUMBER_OBJECT_CONVERSION = YES_AGGRESSIVE;
				CLANG_CXX_LANGUAGE_STANDARD = "gnu++14";
				CLANG_CXX_LIBRARY = "libc++";
				CLANG_ENABLE_MODULES = YES;
				CLANG_ENABLE_OBJC_ARC = YES;
				CLANG_ENABLE_OBJC_WEAK = YES;
				CLANG_WARN_BLOCK_CAPTURE_AUTORELEASING = YES;
				CLANG_WARN_BOOL_CONVERSION = YES;
				CLANG_WARN_COMMA = YES;
				CLANG_WARN_CONSTANT_CONVERSION = YES;
				CLANG_WARN_DEPRECATED_OBJC_IMPLEMENTATIONS = YES;
				CLANG_WARN_DIRECT_OBJC_ISA_USAGE = YES_ERROR;
				CLANG_WARN_DOCUMENTATION_COMMENTS = YES;
				CLANG_WARN_EMPTY_BODY = YES;
				CLANG_WARN_ENUM_CONVERSION = YES;
				CLANG_WARN_INFINITE_RECURSION = YES;
				CLANG_WARN_INT_CONVERSION = YES;
				CLANG_WARN_NON_LITERAL_NULL_CONVERSION = YES;
				CLANG_WARN_OBJC_IMPLICIT_RETAIN_SELF = YES;
				CLANG_WARN_OBJC_LITERAL_CONVERSION = YES;
				CLANG_WARN_OBJC_ROOT_CLASS = YES_ERROR;
				CLANG_WARN_QUOTED_INCLUDE_IN_FRAMEWORK_HEADER = YES;
				CLANG_WARN_RANGE_LOOP_ANALYSIS = YES;
				CLANG_WARN_STRICT_PROTOTYPES = YES;
				CLANG_WARN_SUSPICIOUS_MOVE = YES;
				CLANG_WARN_UNGUARDED_AVAILABILITY = YES_AGGRESSIVE;
				CLANG_WARN_UNREACHABLE_CODE = YES;
				CLANG_WARN__DUPLICATE_METHOD_MATCH = YES;
				COPY_PHASE_STRIP = NO;
				DEBUG_INFORMATION_FORMAT = dwarf;
				ENABLE_STRICT_OBJC_MSGSEND = YES;
				ENABLE_TESTABILITY = YES;
				GCC_C_LANGUAGE_STANDARD = gnu11;
				GCC_DYNAMIC_NO_PIC = NO;
				GCC_NO_COMMON_BLOCKS = YES;
				GCC_OPTIMIZATION_LEVEL = 0;
				GCC_PREPROCESSOR_DEFINITIONS = (
					"DEBUG=1",
					"$(inherited)",
				);
				GCC_WARN_64_TO_32_BIT_CONVERSION = YES;
				GCC_WARN_ABOUT_RETURN_TYPE = YES_ERROR;
				GCC_WARN_UNDECLARED_SELECTOR = YES;
				GCC_WARN_UNINITIALIZED_AUTOS = YES_AGGRESSIVE;
				GCC_WARN_UNUSED_FUNCTION = YES;
				GCC_WARN_UNUSED_VARIABLE = YES;
				IPHONEOS_DEPLOYMENT_TARGET = 14.3;
				MTL_ENABLE_DEBUG_INFO = INCLUDE_SOURCE;
				MTL_FAST_MATH = YES;
				ONLY_ACTIVE_ARCH = YES;
				SDKROOT = iphoneos;
				SWIFT_ACTIVE_COMPILATION_CONDITIONS = DEBUG;
				SWIFT_OPTIMIZATION_LEVEL = "-Onone";
			};
			name = Debug;
		};
		B3F56BC5259A37D10009F178 /* Release */ = {
			isa = XCBuildConfiguration;
			buildSettings = {
				ALWAYS_SEARCH_USER_PATHS = NO;
				CLANG_ANALYZER_NONNULL = YES;
				CLANG_ANALYZER_NUMBER_OBJECT_CONVERSION = YES_AGGRESSIVE;
				CLANG_CXX_LANGUAGE_STANDARD = "gnu++14";
				CLANG_CXX_LIBRARY = "libc++";
				CLANG_ENABLE_MODULES = YES;
				CLANG_ENABLE_OBJC_ARC = YES;
				CLANG_ENABLE_OBJC_WEAK = YES;
				CLANG_WARN_BLOCK_CAPTURE_AUTORELEASING = YES;
				CLANG_WARN_BOOL_CONVERSION = YES;
				CLANG_WARN_COMMA = YES;
				CLANG_WARN_CONSTANT_CONVERSION = YES;
				CLANG_WARN_DEPRECATED_OBJC_IMPLEMENTATIONS = YES;
				CLANG_WARN_DIRECT_OBJC_ISA_USAGE = YES_ERROR;
				CLANG_WARN_DOCUMENTATION_COMMENTS = YES;
				CLANG_WARN_EMPTY_BODY = YES;
				CLANG_WARN_ENUM_CONVERSION = YES;
				CLANG_WARN_INFINITE_RECURSION = YES;
				CLANG_WARN_INT_CONVERSION = YES;
				CLANG_WARN_NON_LITERAL_NULL_CONVERSION = YES;
				CLANG_WARN_OBJC_IMPLICIT_RETAIN_SELF = YES;
				CLANG_WARN_OBJC_LITERAL_CONVERSION = YES;
				CLANG_WARN_OBJC_ROOT_CLASS = YES_ERROR;
				CLANG_WARN_QUOTED_INCLUDE_IN_FRAMEWORK_HEADER = YES;
				CLANG_WARN_RANGE_LOOP_ANALYSIS = YES;
				CLANG_WARN_STRICT_PROTOTYPES = YES;
				CLANG_WARN_SUSPICIOUS_MOVE = YES;
				CLANG_WARN_UNGUARDED_AVAILABILITY = YES_AGGRESSIVE;
				CLANG_WARN_UNREACHABLE_CODE = YES;
				CLANG_WARN__DUPLICATE_METHOD_MATCH = YES;
				COPY_PHASE_STRIP = NO;
				DEBUG_INFORMATION_FORMAT = "dwarf-with-dsym";
				ENABLE_NS_ASSERTIONS = NO;
				ENABLE_STRICT_OBJC_MSGSEND = YES;
				GCC_C_LANGUAGE_STANDARD = gnu11;
				GCC_NO_COMMON_BLOCKS = YES;
				GCC_WARN_64_TO_32_BIT_CONVERSION = YES;
				GCC_WARN_ABOUT_RETURN_TYPE = YES_ERROR;
				GCC_WARN_UNDECLARED_SELECTOR = YES;
				GCC_WARN_UNINITIALIZED_AUTOS = YES_AGGRESSIVE;
				GCC_WARN_UNUSED_FUNCTION = YES;
				GCC_WARN_UNUSED_VARIABLE = YES;
				IPHONEOS_DEPLOYMENT_TARGET = 14.3;
				MTL_ENABLE_DEBUG_INFO = NO;
				MTL_FAST_MATH = YES;
				SDKROOT = iphoneos;
				SWIFT_COMPILATION_MODE = wholemodule;
				SWIFT_OPTIMIZATION_LEVEL = "-O";
				VALIDATE_PRODUCT = YES;
			};
			name = Release;
		};
		B3F56BC7259A37D10009F178 /* Debug */ = {
			isa = XCBuildConfiguration;
			buildSettings = {
				ASSETCATALOG_COMPILER_APPICON_NAME = AppIcon;
				ASSETCATALOG_COMPILER_GLOBAL_ACCENT_COLOR_NAME = AccentColor;
				CODE_SIGN_STYLE = Automatic;
				DEVELOPMENT_TEAM = 7GDA7KJ7ZQ;
				FRAMEWORK_SEARCH_PATHS = (
					"$(inherited)",
					"$(PROJECT_DIR)/Carthage/Build/iOS",
				);
				INFOPLIST_FILE = ohMyGithubSearch/Info.plist;
				LD_RUNPATH_SEARCH_PATHS = (
					"$(inherited)",
					"@executable_path/Frameworks",
				);
				PRODUCT_BUNDLE_IDENTIFIER = com.malakhov.ilja.ohMyGithubSearch;
				PRODUCT_NAME = "$(TARGET_NAME)";
				SWIFT_VERSION = 5.0;
				TARGETED_DEVICE_FAMILY = 1;
				VALIDATE_WORKSPACE = YES;
			};
			name = Debug;
		};
		B3F56BC8259A37D10009F178 /* Release */ = {
			isa = XCBuildConfiguration;
			buildSettings = {
				ASSETCATALOG_COMPILER_APPICON_NAME = AppIcon;
				ASSETCATALOG_COMPILER_GLOBAL_ACCENT_COLOR_NAME = AccentColor;
				CODE_SIGN_STYLE = Automatic;
				DEVELOPMENT_TEAM = 7GDA7KJ7ZQ;
				FRAMEWORK_SEARCH_PATHS = (
					"$(inherited)",
					"$(PROJECT_DIR)/Carthage/Build/iOS",
				);
				INFOPLIST_FILE = ohMyGithubSearch/Info.plist;
				LD_RUNPATH_SEARCH_PATHS = (
					"$(inherited)",
					"@executable_path/Frameworks",
				);
				PRODUCT_BUNDLE_IDENTIFIER = com.malakhov.ilja.ohMyGithubSearch;
				PRODUCT_NAME = "$(TARGET_NAME)";
				SWIFT_VERSION = 5.0;
				TARGETED_DEVICE_FAMILY = 1;
				VALIDATE_WORKSPACE = YES;
			};
			name = Release;
		};
/* End XCBuildConfiguration section */

/* Begin XCConfigurationList section */
		B3F56BAD259A37CF0009F178 /* Build configuration list for PBXProject "ohMyGithubSearch" */ = {
			isa = XCConfigurationList;
			buildConfigurations = (
				B3F56BC4259A37D10009F178 /* Debug */,
				B3F56BC5259A37D10009F178 /* Release */,
			);
			defaultConfigurationIsVisible = 0;
			defaultConfigurationName = Release;
		};
		B3F56BC6259A37D10009F178 /* Build configuration list for PBXNativeTarget "ohMyGithubSearch" */ = {
			isa = XCConfigurationList;
			buildConfigurations = (
				B3F56BC7259A37D10009F178 /* Debug */,
				B3F56BC8259A37D10009F178 /* Release */,
			);
			defaultConfigurationIsVisible = 0;
			defaultConfigurationName = Release;
		};
/* End XCConfigurationList section */
	};
	rootObject = B3F56BAA259A37CF0009F178 /* Project object */;
}
